
Microsoft Visual Studio Solution File, Format Version 12.00
# Visual Studio Version 16
VisualStudioVersion = 16.0.30804.86
MinimumVisualStudioVersion = 10.0.40219.1
Project("{FAE04EC0-301F-11D3-BF4B-00C04F79EFBC}") = "varMiYokMu_090121", "varMiYokMu_090121\varMiYokMu_090121.csproj", "{0D317DD8-B642-4350-8573-D61CA0B7D73E}"
EndProject
Global
	GlobalSection(SolutionConfigurationPlatforms) = preSolution
		Debug|Any CPU = Debug|Any CPU
		Release|Any CPU = Release|Any CPU
	EndGlobalSection
	GlobalSection(ProjectConfigurationPlatforms) = postSolution
		{0D317DD8-B642-4350-8573-D61CA0B7D73E}.Debug|Any CPU.ActiveCfg = Debug|Any CPU
		{0D317DD8-B642-4350-8573-D61CA0B7D73E}.Debug|Any CPU.Build.0 = Debug|Any CPU
		{0D317DD8-B642-4350-8573-D61CA0B7D73E}.Release|Any CPU.ActiveCfg = Release|Any CPU
		{0D317DD8-B642-4350-8573-D61CA0B7D73E}.Release|Any CPU.Build.0 = Release|Any CPU
	EndGlobalSection
	GlobalSection(SolutionProperties) = preSolution
		HideSolutionNode = FALSE
	EndGlobalSection
	GlobalSection(ExtensibilityGlobals) = postSolution
		SolutionGuid = {54859716-FA7F-4C97-8264-A68165708BB5}
	EndGlobalSection
EndGlobal
